
Microsoft Visual Studio Solution File, Format Version 12.00
# Visual Studio 14
VisualStudioVersion = 14.0.23107.0
MinimumVisualStudioVersion = 10.0.40219.1
Project("{FAE04EC0-301F-11D3-BF4B-00C04F79EFBC}") = "ServiceBus", "ServiceBus\ServiceBus.csproj", "{F30F751B-D9F1-4D67-8CE5-3D710B07B08F}"
EndProject
Project("{FAE04EC0-301F-11D3-BF4B-00C04F79EFBC}") = "SharedLibs", "SharedLibs\SharedLibs.csproj", "{D9C3EAFF-89AB-49D4-9880-21B7430DEC22}"
EndProject
Project("{FAE04EC0-301F-11D3-BF4B-00C04F79EFBC}") = "ServiceBusTests", "ServiceBusTests\ServiceBusTests.csproj", "{20C65683-1E05-41ED-979E-91C3E9EF0C1B}"
	ProjectSection(ProjectDependencies) = postProject
		{F30F751B-D9F1-4D67-8CE5-3D710B07B08F} = {F30F751B-D9F1-4D67-8CE5-3D710B07B08F}
	EndProjectSection
EndProject
Global
	GlobalSection(SolutionConfigurationPlatforms) = preSolution
		Debug|Any CPU = Debug|Any CPU
		Release|Any CPU = Release|Any CPU
	EndGlobalSection
	GlobalSection(ProjectConfigurationPlatforms) = postSolution
		{F30F751B-D9F1-4D67-8CE5-3D710B07B08F}.Debug|Any CPU.ActiveCfg = Debug|Any CPU
		{F30F751B-D9F1-4D67-8CE5-3D710B07B08F}.Debug|Any CPU.Build.0 = Debug|Any CPU
		{F30F751B-D9F1-4D67-8CE5-3D710B07B08F}.Release|Any CPU.ActiveCfg = Release|Any CPU
		{F30F751B-D9F1-4D67-8CE5-3D710B07B08F}.Release|Any CPU.Build.0 = Release|Any CPU
		{D9C3EAFF-89AB-49D4-9880-21B7430DEC22}.Debug|Any CPU.ActiveCfg = Debug|Any CPU
		{D9C3EAFF-89AB-49D4-9880-21B7430DEC22}.Debug|Any CPU.Build.0 = Debug|Any CPU
		{D9C3EAFF-89AB-49D4-9880-21B7430DEC22}.Release|Any CPU.ActiveCfg = Release|Any CPU
		{D9C3EAFF-89AB-49D4-9880-21B7430DEC22}.Release|Any CPU.Build.0 = Release|Any CPU
		{20C65683-1E05-41ED-979E-91C3E9EF0C1B}.Debug|Any CPU.ActiveCfg = Debug|Any CPU
		{20C65683-1E05-41ED-979E-91C3E9EF0C1B}.Debug|Any CPU.Build.0 = Debug|Any CPU
		{20C65683-1E05-41ED-979E-91C3E9EF0C1B}.Release|Any CPU.ActiveCfg = Release|Any CPU
		{20C65683-1E05-41ED-979E-91C3E9EF0C1B}.Release|Any CPU.Build.0 = Release|Any CPU
	EndGlobalSection
	GlobalSection(SolutionProperties) = preSolution
		HideSolutionNode = FALSE
	EndGlobalSection
EndGlobal
